
Microsoft Visual Studio Solution File, Format Version 12.00
# Visual Studio Version 17
VisualStudioVersion = 17.7.34031.279
MinimumVisualStudioVersion = 10.0.40219.1
Project("{9A19103F-16F7-4668-BE54-9A1E7A4F7556}") = "ApiAuth", "ApiAuth\ApiAuth.csproj", "{0DC594EA-C163-4675-8C8B-107F3CA10779}"
EndProject
Project("{9A19103F-16F7-4668-BE54-9A1E7A4F7556}") = "ApiAuth.Domain", "ApiAuth.Dominio\ApiAuth.Domain.csproj", "{4A71351D-304C-4D5B-A3CC-2C6B9B5E6220}"
EndProject
Project("{9A19103F-16F7-4668-BE54-9A1E7A4F7556}") = "ApiAuth.Application", "ApiAuth.Aplicacion\ApiAuth.Application.csproj", "{0029C7F0-355B-4B00-B4CC-A6BDB4A19CC2}"
EndProject
Project("{9A19103F-16F7-4668-BE54-9A1E7A4F7556}") = "ApiAuth.Infrastructure", "ApiAuth.Infraestructura\ApiAuth.Infrastructure.csproj", "{1E821550-2325-4058-AA42-3A81B8D027C7}"
EndProject
Project("{9A19103F-16F7-4668-BE54-9A1E7A4F7556}") = "Tests", "Tests\Tests.csproj", "{BC2780E7-6160-46CB-B1AE-6E93FEE50BFD}"
EndProject
Global
	GlobalSection(SolutionConfigurationPlatforms) = preSolution
		Debug|Any CPU = Debug|Any CPU
		Release|Any CPU = Release|Any CPU
	EndGlobalSection
	GlobalSection(ProjectConfigurationPlatforms) = postSolution
		{0DC594EA-C163-4675-8C8B-107F3CA10779}.Debug|Any CPU.ActiveCfg = Debug|Any CPU
		{0DC594EA-C163-4675-8C8B-107F3CA10779}.Debug|Any CPU.Build.0 = Debug|Any CPU
		{0DC594EA-C163-4675-8C8B-107F3CA10779}.Release|Any CPU.ActiveCfg = Release|Any CPU
		{0DC594EA-C163-4675-8C8B-107F3CA10779}.Release|Any CPU.Build.0 = Release|Any CPU
		{4A71351D-304C-4D5B-A3CC-2C6B9B5E6220}.Debug|Any CPU.ActiveCfg = Debug|Any CPU
		{4A71351D-304C-4D5B-A3CC-2C6B9B5E6220}.Debug|Any CPU.Build.0 = Debug|Any CPU
		{4A71351D-304C-4D5B-A3CC-2C6B9B5E6220}.Release|Any CPU.ActiveCfg = Release|Any CPU
		{4A71351D-304C-4D5B-A3CC-2C6B9B5E6220}.Release|Any CPU.Build.0 = Release|Any CPU
		{0029C7F0-355B-4B00-B4CC-A6BDB4A19CC2}.Debug|Any CPU.ActiveCfg = Debug|Any CPU
		{0029C7F0-355B-4B00-B4CC-A6BDB4A19CC2}.Debug|Any CPU.Build.0 = Debug|Any CPU
		{0029C7F0-355B-4B00-B4CC-A6BDB4A19CC2}.Release|Any CPU.ActiveCfg = Release|Any CPU
		{0029C7F0-355B-4B00-B4CC-A6BDB4A19CC2}.Release|Any CPU.Build.0 = Release|Any CPU
		{1E821550-2325-4058-AA42-3A81B8D027C7}.Debug|Any CPU.ActiveCfg = Debug|Any CPU
		{1E821550-2325-4058-AA42-3A81B8D027C7}.Debug|Any CPU.Build.0 = Debug|Any CPU
		{1E821550-2325-4058-AA42-3A81B8D027C7}.Release|Any CPU.ActiveCfg = Release|Any CPU
		{1E821550-2325-4058-AA42-3A81B8D027C7}.Release|Any CPU.Build.0 = Release|Any CPU
		{BC2780E7-6160-46CB-B1AE-6E93FEE50BFD}.Debug|Any CPU.ActiveCfg = Debug|Any CPU
		{BC2780E7-6160-46CB-B1AE-6E93FEE50BFD}.Debug|Any CPU.Build.0 = Debug|Any CPU
		{BC2780E7-6160-46CB-B1AE-6E93FEE50BFD}.Release|Any CPU.ActiveCfg = Release|Any CPU
		{BC2780E7-6160-46CB-B1AE-6E93FEE50BFD}.Release|Any CPU.Build.0 = Release|Any CPU
	EndGlobalSection
	GlobalSection(SolutionProperties) = preSolution
		HideSolutionNode = FALSE
	EndGlobalSection
	GlobalSection(ExtensibilityGlobals) = postSolution
		SolutionGuid = {C906AAFD-CE87-460E-A5F3-8D674ACD14D5}
	EndGlobalSection
EndGlobal
